{
  "meteor": {
    "git": "https://github.com/meteor/meteor.git",
    "branch": "auth",
    "commit": "a07411e69d7339ef10ac2792b8b749e65e907b10"
  },
  "dependencies": {
    "basePackages": {
      "appstrap": {
        "path": "/Users/mike/work/m/appstrap"
      },
      "deploy-config": {
        "path": "/Users/mike/work/m/deploy-config"
      }
    },
    "packages": {
      "appstrap": {
        "path": "/Users/mike/work/m/appstrap"
      },
      "deploy-config": {
        "path": "/Users/mike/work/m/deploy-config"
      },
      "environment-hooks": {
        "git": "https://github.com/possibilities/meteor-environment-hooks.git",
        "branch": "master",
        "commit": "61c8515278674a1c087bc787a3694899b5a3cb1c"
      },
      "dev-trix": {
        "git": "https://github.com/possibilities/meteor-dev-trix.git",
        "branch": "master",
        "commit": "7d12c2e77f6b4527a1035274576a5afea870f59a"
      },
      "code-demo": {
        "git": "https://github.com/possibilities/meteor-code-demo.git",
        "branch": "master",
        "commit": "62a6c2c36604cdf9454331b2710248e4f3a08151"
      },
      "simple-secure": {
        "git": "https://github.com/possibilities/meteor-simple-secure.git",
        "branch": "master",
        "commit": "e0f6fe511a1d2cfe6bc67021b355076131e12461"
      },
      "tabs": {
        "git": "https://github.com/possibilities/meteor-tabs.git",
        "branch": "master",
        "commit": "c1bdae5151f6d13108b8688634ba4f1799bda9a4"
      },
      "fork-me": {
        "git": "https://github.com/possibilities/meteor-fork-me.git",
        "branch": "master",
        "commit": "319b02dcf78fd8f5e06c9a961ebf4e5873c05710"
      },
      "party": {
        "git": "https://github.com/possibilities/meteor-party.git",
        "branch": "master",
        "commit": "74a65918adf5be0add98186805c89b437915e661"
      }
    }
  }
}
