{
  "meteor": {
    "path": "/Users/mike/work/m/possibilities-meteor"
  },
  "dependencies": {
    "basePackages": {
      "deploy-config": {
        "path": "/Users/mike/work/m/deploy-config"
      },
      "environment-hooks": {
        "path": "/Users/mike/work/m/environment-hooks"
      },
      "fork-me": {
        "path": "/Users/mike/work/m/fork-me"
      }
    },
    "packages": {
      "deploy-config": {
        "path": "/Users/mike/work/m/deploy-config"
      },
      "environment-hooks": {
        "path": "/Users/mike/work/m/environment-hooks"
      },
      "fork-me": {
        "path": "/Users/mike/work/m/fork-me"
      }
    }
  }
}
