{
  "meteor": {
    "git": "https://github.com/meteor/meteor.git",
    "branch": "auth",
    "commit": "d51d060f83c21a5581d3676df008529249895fc8"
  },
  "dependencies": {
    "basePackages": {
      "login-filter": {
        "path": "../packages/login-filter"
      },
      "atm-accounts-ui": {
        "path": "../packages/accounts-ui"
      },
      "groups": {
        "version": "0.0.3"
      },
      "disable-auto-login": {
        "version": "0.0.2"
      },
      "filters": {
        "version": "0.0.2"
      },
      "bootstrap.less": {
        "version": "2.1.0"
      },
      "moment": {
        "version": "1.7.0"
      },
      "fork-me": {
        "version": "0.0.2"
      },
      "underscore-string": {
        "version": "2.2.0rc.1"
      },
      "validation": {
        "version": "0.0.7"
      },
      "router": {
        "version": "0.1.0"
      }
    },
    "packages": {
      "login-filter": {
        "path": "../packages/login-filter"
      },
      "atm-accounts-ui": {
        "path": "../packages/accounts-ui"
      },
      "groups": {
        "git": "https://github.com/possibilities/meteor-groups.git",
        "tag": "v0.0.3",
        "commit": "063a629c4db44802e8c8fe369875bbb8d1c2ff33"
      },
      "disable-auto-login": {
        "git": "https://github.com/possibilities/meteor-disable-auto-login.git",
        "tag": "v0.0.2",
        "commit": "87d97828af79e8f26f313757f196e20cbdb35649"
      },
      "filters": {
        "git": "https://github.com/possibilities/meteor-filters.git",
        "tag": "v0.0.2",
        "commit": "6a92d3b53eef6eeeda3a79f6fd7b2edee4f43240"
      },
      "bootstrap.less": {
        "git": "https://github.com/lvbreda/meteor_bootstrapless",
        "tag": "v2.1.0",
        "commit": "05dab8a4f07ef0f457fd4af4ea897c9d72129a2b"
      },
      "moment": {
        "git": "https://github.com/possibilities/meteor-moment.git",
        "tag": "v1.7.0",
        "commit": "c64b6ec0e714b9556f4b6643d430b868ba69d3d7"
      },
      "fork-me": {
        "git": "https://github.com/possibilities/meteor-fork-me.git",
        "tag": "v0.0.2",
        "commit": "7a0e4043d482d157a5b5dc9eee69160d759d506e"
      },
      "underscore-string": {
        "git": "https://github.com/possibilities/meteor-underscore-string.git",
        "tag": "v2.2.0rc.1",
        "commit": "dec21fac23310daf76dc19f246749e7beb48af03"
      },
      "validation": {
        "git": "https://github.com/possibilities/meteor-validation.git",
        "tag": "v0.0.7",
        "commit": "14dfdc6e08ffc0ad173d0f2ae244d9ed8dd8e18e"
      },
      "router": {
        "git": "https://github.com/tmeasday/meteor-router.git",
        "tag": "v0.1.0",
        "commit": "c73515515f1d267108f78b4928a6866952290761"
      },
      "deps-extensions": {
        "git": "https://github.com/tmeasday/meteor-deps-extensions.git",
        "branch": "master",
        "commit": "110462c0ba33aaeb35e55069134287325cc453e5"
      }
    }
  }
}
