{
  "meteor": {},
  "dependencies": {
    "basePackages": {
      "moment": {},
      "router": {},
      "fast-render": {},
      "analytics": {}
    },
    "packages": {
      "moment": {
        "git": "https://github.com/acreeger/meteor-moment.git",
        "tag": "v2.2.1",
        "commit": "9ee12e714afe56b189f53076447b7b54f3012065"
      },
      "fast-render": {
        "git": "https://github.com/arunoda/meteor-fast-render.git",
        "tag": "v0.1.9",
        "commit": "c40411e86df17ce5e3f4fb59b13f33ace025ceae"
      },
      "analytics": {
        "git": "https://github.com/Tarangp/Meteor-Analytics.git",
        "tag": "v0.3.5",
        "commit": "abc2bff0d326af01f9a23e7f1c916e7653b1eb4c"
      }
    }
  }
}
